Microsoft Visual Studio Solution File, Format Version 12.00
# Visual Studio 15
VisualStudioVersion = 15.0.28307.106
MinimumVisualStudioVersion = 10.0.40219.1
Project("{9A19103F-16F7-4668-BE54-9A1E7A4F7556}") = "Authentique_Parquet", "Authentique_Parquet.csproj", "{C5542441-B2A7-CBF9-E7CE-29604AE4DE93}"
EndProject
Global
    GlobalSection(SolutionConfigurationPlatforms) = preSolution
        Debug|Any CPU = Debug|Any CPU
        Release|Any CPU = Release|Any CPU
    EndGlobalSection
    GlobalSection(ProjectConfigurationPlatforms) = postSolution
        {C5542441-B2A7-CBF9-E7CE-29604AE4DE93}.Debug|Any CPU.ActiveCfg = Debug|Any CPU
        {C5542441-B2A7-CBF9-E7CE-29604AE4DE93}.Debug|Any CPU.Build.0 = Debug|Any CPU
        {C5542441-B2A7-CBF9-E7CE-29604AE4DE93}.Release|Any CPU.ActiveCfg = Release|Any CPU
        {C5542441-B2A7-CBF9-E7CE-29604AE4DE93}.Release|Any CPU.Build.0 = Release|Any CPU
    EndGlobalSection
    GlobalSection(SolutionProperties) = preSolution
        HideSolutionNode = FALSE
    EndGlobalSection
EndGlobal
